
Microsoft Visual Studio Solution File, Format Version 12.00
# Visual Studio Version 16
VisualStudioVersion = 16.0.31313.79
MinimumVisualStudioVersion = 10.0.40219.1
Project("{FAE04EC0-301F-11D3-BF4B-00C04F79EFBC}") = "DOAN-NQV", "DOAN-NQV\DOAN-NQV.csproj", "{F26E71D0-9084-4C47-82E1-02BAB784B85F}"
EndProject
Global
	GlobalSection(SolutionConfigurationPlatforms) = preSolution
		Debug|Any CPU = Debug|Any CPU
		Release|Any CPU = Release|Any CPU
	EndGlobalSection
	GlobalSection(ProjectConfigurationPlatforms) = postSolution
		{F26E71D0-9084-4C47-82E1-02BAB784B85F}.Debug|Any CPU.ActiveCfg = Debug|Any CPU
		{F26E71D0-9084-4C47-82E1-02BAB784B85F}.Debug|Any CPU.Build.0 = Debug|Any CPU
		{F26E71D0-9084-4C47-82E1-02BAB784B85F}.Release|Any CPU.ActiveCfg = Release|Any CPU
		{F26E71D0-9084-4C47-82E1-02BAB784B85F}.Release|Any CPU.Build.0 = Release|Any CPU
	EndGlobalSection
	GlobalSection(SolutionProperties) = preSolution
		HideSolutionNode = FALSE
	EndGlobalSection
	GlobalSection(ExtensibilityGlobals) = postSolution
		SolutionGuid = {7482D5C0-700A-411C-BB68-90630309F32C}
	EndGlobalSection
EndGlobal
